
Microsoft Visual Studio Solution File, Format Version 12.00
# Visual Studio Version 17
VisualStudioVersion = 17.14.36804.6 d17.14
MinimumVisualStudioVersion = 10.0.40219.1
Project("{8BC9CEB8-8B4A-11D0-8D11-00A0C91BC942}") = "ParkingTicketSimulation", "ParkingTicketSimulation\ParkingTicketSimulation.vcxproj", "{0B410DAF-0D7E-4A39-8BAF-8D969D127163}"
EndProject
Global
	GlobalSection(SolutionConfigurationPlatforms) = preSolution
		Debug|x64 = Debug|x64
		Debug|x86 = Debug|x86
		Release|x64 = Release|x64
		Release|x86 = Release|x86
	EndGlobalSection
	GlobalSection(ProjectConfigurationPlatforms) = postSolution
		{0B410DAF-0D7E-4A39-8BAF-8D969D127163}.Debug|x64.ActiveCfg = Debug|x64
		{0B410DAF-0D7E-4A39-8BAF-8D969D127163}.Debug|x64.Build.0 = Debug|x64
		{0B410DAF-0D7E-4A39-8BAF-8D969D127163}.Debug|x86.ActiveCfg = Debug|Win32
		{0B410DAF-0D7E-4A39-8BAF-8D969D127163}.Debug|x86.Build.0 = Debug|Win32
		{0B410DAF-0D7E-4A39-8BAF-8D969D127163}.Release|x64.ActiveCfg = Release|x64
		{0B410DAF-0D7E-4A39-8BAF-8D969D127163}.Release|x64.Build.0 = Release|x64
		{0B410DAF-0D7E-4A39-8BAF-8D969D127163}.Release|x86.ActiveCfg = Release|Win32
		{0B410DAF-0D7E-4A39-8BAF-8D969D127163}.Release|x86.Build.0 = Release|Win32
	EndGlobalSection
	GlobalSection(SolutionProperties) = preSolution
		HideSolutionNode = FALSE
	EndGlobalSection
	GlobalSection(ExtensibilityGlobals) = postSolution
		SolutionGuid = {5E742887-0995-4D60-888A-F159849EAFDA}
	EndGlobalSection
EndGlobal
